
Microsoft Visual Studio Solution File, Format Version 12.00
# Visual Studio 15
VisualStudioVersion = 15.0.27130.2010
MinimumVisualStudioVersion = 10.0.40219.1
Project("{2150E333-8FDC-42A3-9474-1A3956D46DE8}") = "Solution Items", "Solution Items", "{5C04E094-C236-4F25-A76C-05879B99210A}"
	ProjectSection(SolutionItems) = preProject
		RpgTools.props = RpgTools.props
		RpgTools.targets = RpgTools.targets
	EndProjectSection
EndProject
Project("{2150E333-8FDC-42A3-9474-1A3956D46DE8}") = "Tools", "Tools", "{B16FA70F-D3D6-4175-BEED-229C67DC37FB}"
EndProject
Project("{FAE04EC0-301F-11D3-BF4B-00C04F79EFBC}") = "RPGToolsEditor", "Tools\RpgToolsEditor\RPGToolsEditor.csproj", "{B61502A6-8CF5-4EE4-B236-6C451799DDB1}"
EndProject
Project("{FAE04EC0-301F-11D3-BF4B-00C04F79EFBC}") = "Corruption", "Corruption\Corruption.csproj", "{BE70224B-39C2-4274-BFF6-4096FA664857}"
EndProject
Project("{FAE04EC0-301F-11D3-BF4B-00C04F79EFBC}") = "Banking", "Banking\Banking.csproj", "{89FAFFB0-5BFD-4548-876E-E863D2BE3E82}"
EndProject
Project("{FAE04EC0-301F-11D3-BF4B-00C04F79EFBC}") = "BooTS", "BooTS\BooTS.csproj", "{A74D2D6C-99AB-465B-BC81-935B9139BFBA}"
EndProject
Project("{FAE04EC0-301F-11D3-BF4B-00C04F79EFBC}") = "CustomNpcs", "CustomNpcs\CustomNpcs.csproj", "{B96B0AD7-6FF5-4ECC-AD22-00CE7FDC3177}"
EndProject
Project("{FAE04EC0-301F-11D3-BF4B-00C04F79EFBC}") = "CustomQuests", "CustomQuests\CustomQuests.csproj", "{C0106036-0E9F-4BD3-A71E-27115306C642}"
EndProject
Project("{FAE04EC0-301F-11D3-BF4B-00C04F79EFBC}") = "Housing", "Housing\Housing.csproj", "{90A07E98-7772-491B-BD41-1B5D41942116}"
EndProject
Project("{FAE04EC0-301F-11D3-BF4B-00C04F79EFBC}") = "Leveling", "Leveling\Leveling.csproj", "{820672D1-4296-42A7-8814-C9963185FCE6}"
EndProject
Project("{FAE04EC0-301F-11D3-BF4B-00C04F79EFBC}") = "NpcShops", "NpcShops\NpcShops.csproj", "{CC6C3BA2-2702-45A5-851D-D4EF3B15311C}"
EndProject
Global
	GlobalSection(SolutionConfigurationPlatforms) = preSolution
		Debug|Any CPU = Debug|Any CPU
		Deploy|Any CPU = Deploy|Any CPU
		Release|Any CPU = Release|Any CPU
	EndGlobalSection
	GlobalSection(ProjectConfigurationPlatforms) = postSolution
		{B61502A6-8CF5-4EE4-B236-6C451799DDB1}.Debug|Any CPU.ActiveCfg = Debug|Any CPU
		{B61502A6-8CF5-4EE4-B236-6C451799DDB1}.Debug|Any CPU.Build.0 = Debug|Any CPU
		{B61502A6-8CF5-4EE4-B236-6C451799DDB1}.Deploy|Any CPU.ActiveCfg = Deploy|Any CPU
		{B61502A6-8CF5-4EE4-B236-6C451799DDB1}.Deploy|Any CPU.Build.0 = Deploy|Any CPU
		{B61502A6-8CF5-4EE4-B236-6C451799DDB1}.Release|Any CPU.ActiveCfg = Release|Any CPU
		{B61502A6-8CF5-4EE4-B236-6C451799DDB1}.Release|Any CPU.Build.0 = Release|Any CPU
		{BE70224B-39C2-4274-BFF6-4096FA664857}.Debug|Any CPU.ActiveCfg = Debug|Any CPU
		{BE70224B-39C2-4274-BFF6-4096FA664857}.Debug|Any CPU.Build.0 = Debug|Any CPU
		{BE70224B-39C2-4274-BFF6-4096FA664857}.Deploy|Any CPU.ActiveCfg = Deploy|Any CPU
		{BE70224B-39C2-4274-BFF6-4096FA664857}.Deploy|Any CPU.Build.0 = Deploy|Any CPU
		{BE70224B-39C2-4274-BFF6-4096FA664857}.Release|Any CPU.ActiveCfg = Release|Any CPU
		{BE70224B-39C2-4274-BFF6-4096FA664857}.Release|Any CPU.Build.0 = Release|Any CPU
		{89FAFFB0-5BFD-4548-876E-E863D2BE3E82}.Debug|Any CPU.ActiveCfg = Debug|Any CPU
		{89FAFFB0-5BFD-4548-876E-E863D2BE3E82}.Debug|Any CPU.Build.0 = Debug|Any CPU
		{89FAFFB0-5BFD-4548-876E-E863D2BE3E82}.Deploy|Any CPU.ActiveCfg = Deploy|Any CPU
		{89FAFFB0-5BFD-4548-876E-E863D2BE3E82}.Deploy|Any CPU.Build.0 = Deploy|Any CPU
		{89FAFFB0-5BFD-4548-876E-E863D2BE3E82}.Release|Any CPU.ActiveCfg = Release|Any CPU
		{89FAFFB0-5BFD-4548-876E-E863D2BE3E82}.Release|Any CPU.Build.0 = Release|Any CPU
		{A74D2D6C-99AB-465B-BC81-935B9139BFBA}.Debug|Any CPU.ActiveCfg = Debug|Any CPU
		{A74D2D6C-99AB-465B-BC81-935B9139BFBA}.Debug|Any CPU.Build.0 = Debug|Any CPU
		{A74D2D6C-99AB-465B-BC81-935B9139BFBA}.Deploy|Any CPU.ActiveCfg = Deploy|Any CPU
		{A74D2D6C-99AB-465B-BC81-935B9139BFBA}.Deploy|Any CPU.Build.0 = Deploy|Any CPU
		{A74D2D6C-99AB-465B-BC81-935B9139BFBA}.Release|Any CPU.ActiveCfg = Release|Any CPU
		{A74D2D6C-99AB-465B-BC81-935B9139BFBA}.Release|Any CPU.Build.0 = Release|Any CPU
		{B96B0AD7-6FF5-4ECC-AD22-00CE7FDC3177}.Debug|Any CPU.ActiveCfg = Debug|Any CPU
		{B96B0AD7-6FF5-4ECC-AD22-00CE7FDC3177}.Debug|Any CPU.Build.0 = Debug|Any CPU
		{B96B0AD7-6FF5-4ECC-AD22-00CE7FDC3177}.Deploy|Any CPU.ActiveCfg = Deploy|Any CPU
		{B96B0AD7-6FF5-4ECC-AD22-00CE7FDC3177}.Deploy|Any CPU.Build.0 = Deploy|Any CPU
		{B96B0AD7-6FF5-4ECC-AD22-00CE7FDC3177}.Release|Any CPU.ActiveCfg = Release|Any CPU
		{B96B0AD7-6FF5-4ECC-AD22-00CE7FDC3177}.Release|Any CPU.Build.0 = Release|Any CPU
		{C0106036-0E9F-4BD3-A71E-27115306C642}.Debug|Any CPU.ActiveCfg = Debug|Any CPU
		{C0106036-0E9F-4BD3-A71E-27115306C642}.Debug|Any CPU.Build.0 = Debug|Any CPU
		{C0106036-0E9F-4BD3-A71E-27115306C642}.Deploy|Any CPU.ActiveCfg = Deploy|Any CPU
		{C0106036-0E9F-4BD3-A71E-27115306C642}.Deploy|Any CPU.Build.0 = Deploy|Any CPU
		{C0106036-0E9F-4BD3-A71E-27115306C642}.Release|Any CPU.ActiveCfg = Release|Any CPU
		{C0106036-0E9F-4BD3-A71E-27115306C642}.Release|Any CPU.Build.0 = Release|Any CPU
		{90A07E98-7772-491B-BD41-1B5D41942116}.Debug|Any CPU.ActiveCfg = Debug|Any CPU
		{90A07E98-7772-491B-BD41-1B5D41942116}.Debug|Any CPU.Build.0 = Debug|Any CPU
		{90A07E98-7772-491B-BD41-1B5D41942116}.Deploy|Any CPU.ActiveCfg = Deploy|Any CPU
		{90A07E98-7772-491B-BD41-1B5D41942116}.Deploy|Any CPU.Build.0 = Deploy|Any CPU
		{90A07E98-7772-491B-BD41-1B5D41942116}.Release|Any CPU.ActiveCfg = Release|Any CPU
		{90A07E98-7772-491B-BD41-1B5D41942116}.Release|Any CPU.Build.0 = Release|Any CPU
		{820672D1-4296-42A7-8814-C9963185FCE6}.Debug|Any CPU.ActiveCfg = Debug|Any CPU
		{820672D1-4296-42A7-8814-C9963185FCE6}.Debug|Any CPU.Build.0 = Debug|Any CPU
		{820672D1-4296-42A7-8814-C9963185FCE6}.Deploy|Any CPU.ActiveCfg = Deploy|Any CPU
		{820672D1-4296-42A7-8814-C9963185FCE6}.Deploy|Any CPU.Build.0 = Deploy|Any CPU
		{820672D1-4296-42A7-8814-C9963185FCE6}.Release|Any CPU.ActiveCfg = Release|Any CPU
		{820672D1-4296-42A7-8814-C9963185FCE6}.Release|Any CPU.Build.0 = Release|Any CPU
		{CC6C3BA2-2702-45A5-851D-D4EF3B15311C}.Debug|Any CPU.ActiveCfg = Debug|Any CPU
		{CC6C3BA2-2702-45A5-851D-D4EF3B15311C}.Debug|Any CPU.Build.0 = Debug|Any CPU
		{CC6C3BA2-2702-45A5-851D-D4EF3B15311C}.Deploy|Any CPU.ActiveCfg = Deploy|Any CPU
		{CC6C3BA2-2702-45A5-851D-D4EF3B15311C}.Deploy|Any CPU.Build.0 = Deploy|Any CPU
		{CC6C3BA2-2702-45A5-851D-D4EF3B15311C}.Release|Any CPU.ActiveCfg = Release|Any CPU
		{CC6C3BA2-2702-45A5-851D-D4EF3B15311C}.Release|Any CPU.Build.0 = Release|Any CPU
	EndGlobalSection
	GlobalSection(SolutionProperties) = preSolution
		HideSolutionNode = FALSE
	EndGlobalSection
	GlobalSection(NestedProjects) = preSolution
		{B61502A6-8CF5-4EE4-B236-6C451799DDB1} = {B16FA70F-D3D6-4175-BEED-229C67DC37FB}
	EndGlobalSection
	GlobalSection(ExtensibilityGlobals) = postSolution
		SolutionGuid = {71D545CF-4363-4C1D-A477-C6B0E4C0F3AB}
	EndGlobalSection
EndGlobal
